
Microsoft Visual Studio Solution File, Format Version 12.00
# Visual Studio Version 16
VisualStudioVersion = 16.0.29519.181
MinimumVisualStudioVersion = 10.0.40219.1
Project("{FAE04EC0-301F-11D3-BF4B-00C04F79EFBC}") = "Mangos.ToDoFront", "Mangos.ToDoFront\Mangos.ToDoFront.csproj", "{5E6DA0DC-C5A6-4692-8305-904938C3AC48}"
EndProject
Project("{FAE04EC0-301F-11D3-BF4B-00C04F79EFBC}") = "Mangos.ToDo.Core", "Mangos.ToDo.Core\Mangos.ToDo.Core.csproj", "{D43589BD-1093-4BD4-B900-9FFB6ABE764B}"
EndProject
Project("{FAE04EC0-301F-11D3-BF4B-00C04F79EFBC}") = "Mangos.ToDo.Interfaces", "Mangos.ToDo.Interfaces\Mangos.ToDo.Interfaces.csproj", "{42AB0CF6-10CD-46FF-88A4-CDD6FB70F167}"
EndProject
Project("{FAE04EC0-301F-11D3-BF4B-00C04F79EFBC}") = "Mangos.ToDo.Entities", "Mangos.ToDo.Entities\Mangos.ToDo.Entities.csproj", "{525BB989-226B-4B41-96B4-6C4F42586DD2}"
EndProject
Project("{FAE04EC0-301F-11D3-BF4B-00C04F79EFBC}") = "Mangos.ToDoApi", "Mangos.ToDoApi\Mangos.ToDoApi.csproj", "{E6AF09E5-E052-4ECF-B58F-5A8D69A5DAB4}"
EndProject
Global
	GlobalSection(SolutionConfigurationPlatforms) = preSolution
		Debug|Any CPU = Debug|Any CPU
		Release|Any CPU = Release|Any CPU
	EndGlobalSection
	GlobalSection(ProjectConfigurationPlatforms) = postSolution
		{5E6DA0DC-C5A6-4692-8305-904938C3AC48}.Debug|Any CPU.ActiveCfg = Debug|Any CPU
		{5E6DA0DC-C5A6-4692-8305-904938C3AC48}.Debug|Any CPU.Build.0 = Debug|Any CPU
		{5E6DA0DC-C5A6-4692-8305-904938C3AC48}.Release|Any CPU.ActiveCfg = Release|Any CPU
		{5E6DA0DC-C5A6-4692-8305-904938C3AC48}.Release|Any CPU.Build.0 = Release|Any CPU
		{D43589BD-1093-4BD4-B900-9FFB6ABE764B}.Debug|Any CPU.ActiveCfg = Debug|Any CPU
		{D43589BD-1093-4BD4-B900-9FFB6ABE764B}.Debug|Any CPU.Build.0 = Debug|Any CPU
		{D43589BD-1093-4BD4-B900-9FFB6ABE764B}.Release|Any CPU.ActiveCfg = Release|Any CPU
		{D43589BD-1093-4BD4-B900-9FFB6ABE764B}.Release|Any CPU.Build.0 = Release|Any CPU
		{42AB0CF6-10CD-46FF-88A4-CDD6FB70F167}.Debug|Any CPU.ActiveCfg = Debug|Any CPU
		{42AB0CF6-10CD-46FF-88A4-CDD6FB70F167}.Debug|Any CPU.Build.0 = Debug|Any CPU
		{42AB0CF6-10CD-46FF-88A4-CDD6FB70F167}.Release|Any CPU.ActiveCfg = Release|Any CPU
		{42AB0CF6-10CD-46FF-88A4-CDD6FB70F167}.Release|Any CPU.Build.0 = Release|Any CPU
		{525BB989-226B-4B41-96B4-6C4F42586DD2}.Debug|Any CPU.ActiveCfg = Debug|Any CPU
		{525BB989-226B-4B41-96B4-6C4F42586DD2}.Debug|Any CPU.Build.0 = Debug|Any CPU
		{525BB989-226B-4B41-96B4-6C4F42586DD2}.Release|Any CPU.ActiveCfg = Release|Any CPU
		{525BB989-226B-4B41-96B4-6C4F42586DD2}.Release|Any CPU.Build.0 = Release|Any CPU
		{E6AF09E5-E052-4ECF-B58F-5A8D69A5DAB4}.Debug|Any CPU.ActiveCfg = Debug|Any CPU
		{E6AF09E5-E052-4ECF-B58F-5A8D69A5DAB4}.Debug|Any CPU.Build.0 = Debug|Any CPU
		{E6AF09E5-E052-4ECF-B58F-5A8D69A5DAB4}.Release|Any CPU.ActiveCfg = Release|Any CPU
		{E6AF09E5-E052-4ECF-B58F-5A8D69A5DAB4}.Release|Any CPU.Build.0 = Release|Any CPU
	EndGlobalSection
	GlobalSection(SolutionProperties) = preSolution
		HideSolutionNode = FALSE
	EndGlobalSection
	GlobalSection(ExtensibilityGlobals) = postSolution
		SolutionGuid = {4F26DA81-BFCC-458D-9D2C-588DED1562FC}
	EndGlobalSection
EndGlobal
